version = 1
revision = 2
requires-python = ">=3.12"

[[package]]
name = "dearpygui"
version = "2.0.0"
source = { registry = "https://pypi.org/simple" }
wheels = [
    { url = "https://files.pythonhosted.org/packages/00/dc/aac3b7e5789408096f34616f2c3b3c000332970a9eea0b3362239a1c35bd/dearpygui-2.0.0-cp312-cp312-macosx_10_6_x86_64.whl", hash = "sha256:f0383d74f628ae4622863afff84ab262c9f5163a769836eb470c7243dc9ced0c", size = 2223499, upload-time = "2024-10-16T02:02:54.817Z" },
    { url = "https://files.pythonhosted.org/packages/e5/ca/fa3e58376f8c8486f38b7266c69566c1b965072eabc59b4da95b10a114e0/dearpygui-2.0.0-cp312-cp312-macosx_13_0_arm64.whl", hash = "sha256:52c32da6911881564b6cbd95e110d6956095f7a417d2e0c12dcda8274c4fbe72", size = 1873678, upload-time = "2024-10-16T02:03:04.754Z" },
    { url = "https://files.pythonhosted.org/packages/6f/a1/427d18fbaa578890507bd8c864262a5f1f1eaa6e10ae2ea75ba9f0a5b5a3/dearpygui-2.0.0-cp312-cp312-manylinux1_x86_64.whl", hash = "sha256:d27f7e64a282c7f0c1387003ec3b247b2c3c1583aea9427283633ad508aa2da6", size = 2636459, upload-time = "2024-10-16T02:03:12.135Z" },
    { url = "https://files.pythonhosted.org/packages/35/ad/dd978c8eb4df7c59756d5325d18d28e97b39d3bcd54275f075c1c3c34b17/dearpygui-2.0.0-cp312-cp312-win_amd64.whl", hash = "sha256:29881d01e5d0cce0980a8d8b9761c74ff2f30d16aa800e6002a244bbc894b34e", size = 1814293, upload-time = "2024-10-16T02:02:43.66Z" },
    { url = "https://files.pythonhosted.org/packages/79/58/4e1744d2af72a3aa432fd82aeb97dcbc43351b17f837d879b4c4926bd16c/dearpygui-2.0.0-cp313-cp313-macosx_10_6_x86_64.whl", hash = "sha256:3bf0aa19baedb4f130b8de636d4644740ffd9b7008481794c574bf59240808dc", size = 2223494, upload-time = "2024-10-16T02:02:56.05Z" },
    { url = "https://files.pythonhosted.org/packages/70/e0/09885f99df476d03e573183a755dc515cd88565cdbf036c385f0dda41dbb/dearpygui-2.0.0-cp313-cp313-macosx_13_0_arm64.whl", hash = "sha256:ae6fc9aa3390b29387c2bc2bf3ac7a92c10eae2b479818171864fc29a7de344e", size = 1873562, upload-time = "2024-10-16T02:03:06.06Z" },
    { url = "https://files.pythonhosted.org/packages/d6/2b/0714feed9e072377d575cb8801ac13a909f7880ca51c9dd6f2d768bcd1ba/dearpygui-2.0.0-cp313-cp313-manylinux1_x86_64.whl", hash = "sha256:f02b0ab56700a775d7e6446e3c424d5bed3386efe721a04518d02461851daadf", size = 2636153, upload-time = "2024-10-16T02:03:13.417Z" },
    { url = "https://files.pythonhosted.org/packages/55/9e/a957ffc21d12a1fb66d611f82871944565112b44afa0856bb15c6ece77d5/dearpygui-2.0.0-cp313-cp313-win_amd64.whl", hash = "sha256:e3d52057f49773b10808962806711c3b3119e829d36407afb84ad50522edc9b0", size = 1814308, upload-time = "2024-10-16T02:02:44.955Z" },
]

[[package]]
name = "dpgcontainers"
version = "0.1.0"
source = { editable = "." }
dependencies = [
    { name = "dearpygui" },
    { name = "dpgmagictag" },
]

[package.metadata]
requires-dist = [
    { name = "dearpygui", specifier = ">=2.0.0" },
    { name = "dpgmagictag", specifier = ">=0.1.0" },
]

[[package]]
name = "dpgmagictag"
version = "0.1.0"
source = { registry = "https://pypi.org/simple" }
sdist = { url = "https://files.pythonhosted.org/packages/a6/81/6c26323b742680832c42abe53d824dd3ac5197dd03bdceef390034b63484/dpgmagictag-0.1.0.tar.gz", hash = "sha256:00f61a50d673c67a7229f9ce1820c39f29a8e1e68fb5d69796de0e324f3f7055", size = 6107, upload-time = "2025-05-20T22:16:51.019Z" }
wheels = [
    { url = "https://files.pythonhosted.org/packages/6c/4a/bb25ced4de6dce07f58c5bb2daac12ee7499a52a2c49c4a0f1dad84ce1fb/dpgmagictag-0.1.0-py3-none-any.whl", hash = "sha256:87fe57a5a657889ff7842e5aa2f3bb65e170e28651a121500c69bc59cbc8989d", size = 7450, upload-time = "2025-05-20T22:16:49.452Z" },
]
